// !$*UTF8*$!
{
	archiveVersion = 1;
	classes = {
	};
	objectVersion = 46;
	objects = {

/* Begin PBXBuildFile section */
		3F7DCCF91989CB6B00C01404 /* main.m in Sources */ = {isa = PBXBuildFile; fileRef = 3F7DCCF81989CB6B00C01404 /* main.m */; };
		3F7DCCFC1989CB6B00C01404 /* AppDelegate.m in Sources */ = {isa = PBXBuildFile; fileRef = 3F7DCCFB1989CB6B00C01404 /* AppDelegate.m */; };
		3F7DCCFF1989CB6B00C01404 /* GameScene.m in Sources */ = {isa = PBXBuildFile; fileRef = 3F7DCCFE1989CB6B00C01404 /* GameScene.m */; };
		3F7DCD041989CB6B00C01404 /* GameViewController.m in Sources */ = {isa = PBXBuildFile; fileRef = 3F7DCD031989CB6B00C01404 /* GameViewController.m */; };
		3F7DCD071989CB6B00C01404 /* Main.storyboard in Resources */ = {isa = PBXBuildFile; fileRef = 3F7DCD051989CB6B00C01404 /* Main.storyboard */; };
		3F7DCD091989CB6B00C01404 /* Images.xcassets in Resources */ = {isa = PBXBuildFile; fileRef = 3F7DCD081989CB6B00C01404 /* Images.xcassets */; };
		3F7DCD151989CB6B00C01404 /* AccelerationTestTests.m in Sources */ = {isa = PBXBuildFile; fileRef = 3F7DCD141989CB6B00C01404 /* AccelerationTestTests.m */; };
/* End PBXBuildFile section */

/* Begin PBXContainerItemProxy section */
		3F7DCD0F1989CB6B00C01404 /* PBXContainerItemProxy */ = {
			isa = PBXContainerItemProxy;
			containerPortal = 3F7DCCEB1989CB6B00C01404 /* Project object */;
			proxyType = 1;
			remoteGlobalIDString = 3F7DCCF21989CB6B00C01404;
			remoteInfo = AccelerationTest;
		};
/* End PBXContainerItemProxy section */

/* Begin PBXFileReference section */
		3F7DCCF31989CB6B00C01404 /* AccelerationTest.app */ = {isa = PBXFileReference; explicitFileType = wrapper.application; includeInIndex = 0; path = AccelerationTest.app; sourceTree = BUILT_PRODUCTS_DIR; };
		3F7DCCF71989CB6B00C01404 /* Info.plist */ = {isa = PBXFileReference; lastKnownFileType = text.plist.xml; path = Info.plist; sourceTree = "<group>"; };
		3F7DCCF81989CB6B00C01404 /* main.m */ = {isa = PBXFileReference; lastKnownFileType = sourcecode.c.objc; path = main.m; sourceTree = "<group>"; };
		3F7DCCFA1989CB6B00C01404 /* AppDelegate.h */ = {isa = PBXFileReference; lastKnownFileType = sourcecode.c.h; path = AppDelegate.h; sourceTree = "<group>"; };
		3F7DCCFB1989CB6B00C01404 /* AppDelegate.m */ = {isa = PBXFileReference; lastKnownFileType = sourcecode.c.objc; path = AppDelegate.m; sourceTree = "<group>"; };
		3F7DCCFD1989CB6B00C01404 /* GameScene.h */ = {isa = PBXFileReference; lastKnownFileType = sourcecode.c.h; path = GameScene.h; sourceTree = "<group>"; };
		3F7DCCFE1989CB6B00C01404 /* GameScene.m */ = {isa = PBXFileReference; lastKnownFileType = sourcecode.c.objc; path = GameScene.m; sourceTree = "<group>"; };
		3F7DCD021989CB6B00C01404 /* GameViewController.h */ = {isa = PBXFileReference; lastKnownFileType = sourcecode.c.h; path = GameViewController.h; sourceTree = "<group>"; };
		3F7DCD031989CB6B00C01404 /* GameViewController.m */ = {isa = PBXFileReference; lastKnownFileType = sourcecode.c.objc; path = GameViewController.m; sourceTree = "<group>"; };
		3F7DCD061989CB6B00C01404 /* Base */ = {isa = PBXFileReference; lastKnownFileType = file.storyboard; name = Base; path = Base.lproj/Main.storyboard; sourceTree = "<group>"; };
		3F7DCD081989CB6B00C01404 /* Images.xcassets */ = {isa = PBXFileReference; lastKnownFileType = folder.assetcatalog; path = Images.xcassets; sourceTree = "<group>"; };
		3F7DCD0E1989CB6B00C01404 /* AccelerationTestTests.xctest */ = {isa = PBXFileReference; explicitFileType = wrapper.cfbundle; includeInIndex = 0; path = AccelerationTestTests.xctest; sourceTree = BUILT_PRODUCTS_DIR; };
		3F7DCD131989CB6B00C01404 /* Info.plist */ = {isa = PBXFileReference; lastKnownFileType = text.plist.xml; path = Info.plist; sourceTree = "<group>"; };
		3F7DCD141989CB6B00C01404 /* AccelerationTestTests.m */ = {isa = PBXFileReference; lastKnownFileType = sourcecode.c.objc; path = AccelerationTestTests.m; sourceTree = "<group>"; };
/* End PBXFileReference section */

/* Begin PBXFrameworksBuildPhase section */
		3F7DCCF01989CB6B00C01404 /* Frameworks */ = {
			isa = PBXFrameworksBuildPhase;
			buildActionMask = 2147483647;
			files = (
			);
			runOnlyForDeploymentPostprocessing = 0;
		};
		3F7DCD0B1989CB6B00C01404 /* Frameworks */ = {
			isa = PBXFrameworksBuildPhase;
			buildActionMask = 2147483647;
			files = (
			);
			runOnlyForDeploymentPostprocessing = 0;
		};
/* End PBXFrameworksBuildPhase section */

/* Begin PBXGroup section */
		3F7DCCEA1989CB6B00C01404 = {
			isa = PBXGroup;
			children = (
				3F7DCCF51989CB6B00C01404 /* AccelerationTest */,
				3F7DCD111989CB6B00C01404 /* AccelerationTestTests */,
				3F7DCCF41989CB6B00C01404 /* Products */,
			);
			sourceTree = "<group>";
		};
		3F7DCCF41989CB6B00C01404 /* Products */ = {
			isa = PBXGroup;
			children = (
				3F7DCCF31989CB6B00C01404 /* AccelerationTest.app */,
				3F7DCD0E1989CB6B00C01404 /* AccelerationTestTests.xctest */,
			);
			name = Products;
			sourceTree = "<group>";
		};
		3F7DCCF51989CB6B00C01404 /* AccelerationTest */ = {
			isa = PBXGroup;
			children = (
				3F7DCCFA1989CB6B00C01404 /* AppDelegate.h */,
				3F7DCCFB1989CB6B00C01404 /* AppDelegate.m */,
				3F7DCCFD1989CB6B00C01404 /* GameScene.h */,
				3F7DCCFE1989CB6B00C01404 /* GameScene.m */,
				3F7DCD021989CB6B00C01404 /* GameViewController.h */,
				3F7DCD031989CB6B00C01404 /* GameViewController.m */,
				3F7DCD051989CB6B00C01404 /* Main.storyboard */,
				3F7DCD081989CB6B00C01404 /* Images.xcassets */,
				3F7DCCF61989CB6B00C01404 /* Supporting Files */,
			);
			path = AccelerationTest;
			sourceTree = "<group>";
		};
		3F7DCCF61989CB6B00C01404 /* Supporting Files */ = {
			isa = PBXGroup;
			children = (
				3F7DCCF71989CB6B00C01404 /* Info.plist */,
				3F7DCCF81989CB6B00C01404 /* main.m */,
			);
			name = "Supporting Files";
			sourceTree = "<group>";
		};
		3F7DCD111989CB6B00C01404 /* AccelerationTestTests */ = {
			isa = PBXGroup;
			children = (
				3F7DCD141989CB6B00C01404 /* AccelerationTestTests.m */,
				3F7DCD121989CB6B00C01404 /* Supporting Files */,
			);
			path = AccelerationTestTests;
			sourceTree = "<group>";
		};
		3F7DCD121989CB6B00C01404 /* Supporting Files */ = {
			isa = PBXGroup;
			children = (
				3F7DCD131989CB6B00C01404 /* Info.plist */,
			);
			name = "Supporting Files";
			sourceTree = "<group>";
		};
/* End PBXGroup section */

/* Begin PBXNativeTarget section */
		3F7DCCF21989CB6B00C01404 /* AccelerationTest */ = {
			isa = PBXNativeTarget;
			buildConfigurationList = 3F7DCD181989CB6B00C01404 /* Build configuration list for PBXNativeTarget "AccelerationTest" */;
			buildPhases = (
				3F7DCCEF1989CB6B00C01404 /* Sources */,
				3F7DCCF01989CB6B00C01404 /* Frameworks */,
				3F7DCCF11989CB6B00C01404 /* Resources */,
			);
			buildRules = (
			);
			dependencies = (
			);
			name = AccelerationTest;
			productName = AccelerationTest;
			productReference = 3F7DCCF31989CB6B00C01404 /* AccelerationTest.app */;
			productType = "com.apple.product-type.application";
		};
		3F7DCD0D1989CB6B00C01404 /* AccelerationTestTests */ = {
			isa = PBXNativeTarget;
			buildConfigurationList = 3F7DCD1B1989CB6B00C01404 /* Build configuration list for PBXNativeTarget "AccelerationTestTests" */;
			buildPhases = (
				3F7DCD0A1989CB6B00C01404 /* Sources */,
				3F7DCD0B1989CB6B00C01404 /* Frameworks */,
				3F7DCD0C1989CB6B00C01404 /* Resources */,
			);
			buildRules = (
			);
			dependencies = (
				3F7DCD101989CB6B00C01404 /* PBXTargetDependency */,
			);
			name = AccelerationTestTests;
			productName = AccelerationTestTests;
			productReference = 3F7DCD0E1989CB6B00C01404 /* AccelerationTestTests.xctest */;
			productType = "com.apple.product-type.bundle.unit-test";
		};
/* End PBXNativeTarget section */

/* Begin PBXProject section */
		3F7DCCEB1989CB6B00C01404 /* Project object */ = {
			isa = PBXProject;
			attributes = {
				LastUpgradeCheck = 0600;
				ORGANIZATIONNAME = "Jeremy Novak";
				TargetAttributes = {
					3F7DCCF21989CB6B00C01404 = {
						CreatedOnToolsVersion = 6.0;
					};
					3F7DCD0D1989CB6B00C01404 = {
						CreatedOnToolsVersion = 6.0;
						TestTargetID = 3F7DCCF21989CB6B00C01404;
					};
				};
			};
			buildConfigurationList = 3F7DCCEE1989CB6B00C01404 /* Build configuration list for PBXProject "AccelerationTest" */;
			compatibilityVersion = "Xcode 3.2";
			developmentRegion = English;
			hasScannedForEncodings = 0;
			knownRegions = (
				en,
				Base,
			);
			mainGroup = 3F7DCCEA1989CB6B00C01404;
			productRefGroup = 3F7DCCF41989CB6B00C01404 /* Products */;
			projectDirPath = "";
			projectRoot = "";
			targets = (
				3F7DCCF21989CB6B00C01404 /* AccelerationTest */,
				3F7DCD0D1989CB6B00C01404 /* AccelerationTestTests */,
			);
		};
/* End PBXProject section */

/* Begin PBXResourcesBuildPhase section */
		3F7DCCF11989CB6B00C01404 /* Resources */ = {
			isa = PBXResourcesBuildPhase;
			buildActionMask = 2147483647;
			files = (
				3F7DCD091989CB6B00C01404 /* Images.xcassets in Resources */,
				3F7DCD071989CB6B00C01404 /* Main.storyboard in Resources */,
			);
			runOnlyForDeploymentPostprocessing = 0;
		};
		3F7DCD0C1989CB6B00C01404 /* Resources */ = {
			isa = PBXResourcesBuildPhase;
			buildActionMask = 2147483647;
			files = (
			);
			runOnlyForDeploymentPostprocessing = 0;
		};
/* End PBXResourcesBuildPhase section */

/* Begin PBXSourcesBuildPhase section */
		3F7DCCEF1989CB6B00C01404 /* Sources */ = {
			isa = PBXSourcesBuildPhase;
			buildActionMask = 2147483647;
			files = (
				3F7DCD041989CB6B00C01404 /* GameViewController.m in Sources */,
				3F7DCCFC1989CB6B00C01404 /* AppDelegate.m in Sources */,
				3F7DCCFF1989CB6B00C01404 /* GameScene.m in Sources */,
				3F7DCCF91989CB6B00C01404 /* main.m in Sources */,
			);
			runOnlyForDeploymentPostprocessing = 0;
		};
		3F7DCD0A1989CB6B00C01404 /* Sources */ = {
			isa = PBXSourcesBuildPhase;
			buildActionMask = 2147483647;
			files = (
				3F7DCD151989CB6B00C01404 /* AccelerationTestTests.m in Sources */,
			);
			runOnlyForDeploymentPostprocessing = 0;
		};
/* End PBXSourcesBuildPhase section */

/* Begin PBXTargetDependency section */
		3F7DCD101989CB6B00C01404 /* PBXTargetDependency */ = {
			isa = PBXTargetDependency;
			target = 3F7DCCF21989CB6B00C01404 /* AccelerationTest */;
			targetProxy = 3F7DCD0F1989CB6B00C01404 /* PBXContainerItemProxy */;
		};
/* End PBXTargetDependency section */

/* Begin PBXVariantGroup section */
		3F7DCD051989CB6B00C01404 /* Main.storyboard */ = {
			isa = PBXVariantGroup;
			children = (
				3F7DCD061989CB6B00C01404 /* Base */,
			);
			name = Main.storyboard;
			sourceTree = "<group>";
		};
/* End PBXVariantGroup section */

/* Begin XCBuildConfiguration section */
		3F7DCD161989CB6B00C01404 /* Debug */ = {
			isa = XCBuildConfiguration;
			buildSettings = {
				ALWAYS_SEARCH_USER_PATHS = NO;
				CLANG_CXX_LANGUAGE_STANDARD = "gnu++0x";
				CLANG_CXX_LIBRARY = "libc++";
				CLANG_ENABLE_MODULES = YES;
				CLANG_ENABLE_OBJC_ARC = YES;
				CLANG_WARN_BOOL_CONVERSION = YES;
				CLANG_WARN_CONSTANT_CONVERSION = YES;
				CLANG_WARN_DIRECT_OBJC_ISA_USAGE = YES_ERROR;
				CLANG_WARN_EMPTY_BODY = YES;
				CLANG_WARN_ENUM_CONVERSION = YES;
				CLANG_WARN_INT_CONVERSION = YES;
				CLANG_WARN_OBJC_ROOT_CLASS = YES_ERROR;
				CLANG_WARN_UNREACHABLE_CODE = YES;
				CLANG_WARN__DUPLICATE_METHOD_MATCH = YES;
				"CODE_SIGN_IDENTITY[sdk=iphoneos*]" = "iPhone Developer";
				COPY_PHASE_STRIP = NO;
				ENABLE_STRICT_OBJC_MSGSEND = YES;
				GCC_C_LANGUAGE_STANDARD = gnu99;
				GCC_DYNAMIC_NO_PIC = NO;
				GCC_OPTIMIZATION_LEVEL = 0;
				GCC_PREPROCESSOR_DEFINITIONS = (
					"DEBUG=1",
					"$(inherited)",
				);
				GCC_SYMBOLS_PRIVATE_EXTERN = NO;
				GCC_WARN_64_TO_32_BIT_CONVERSION = YES;
				GCC_WARN_ABOUT_RETURN_TYPE = YES_ERROR;
				GCC_WARN_UNDECLARED_SELECTOR = YES;
				GCC_WARN_UNINITIALIZED_AUTOS = YES_AGGRESSIVE;
				GCC_WARN_UNUSED_FUNCTION = YES;
				GCC_WARN_UNUSED_VARIABLE = YES;
				IPHONEOS_DEPLOYMENT_TARGET = 8.0;
				MTL_ENABLE_DEBUG_INFO = YES;
				ONLY_ACTIVE_ARCH = YES;
				SDKROOT = iphoneos;
				TARGETED_DEVICE_FAMILY = "1,2";
			};
			name = Debug;
		};
		3F7DCD171989CB6B00C01404 /* Release */ = {
			isa = XCBuildConfiguration;
			buildSettings = {
				ALWAYS_SEARCH_USER_PATHS = NO;
				CLANG_CXX_LANGUAGE_STANDARD = "gnu++0x";
				CLANG_CXX_LIBRARY = "libc++";
				CLANG_ENABLE_MODULES = YES;
				CLANG_ENABLE_OBJC_ARC = YES;
				CLANG_WARN_BOOL_CONVERSION = YES;
				CLANG_WARN_CONSTANT_CONVERSION = YES;
				CLANG_WARN_DIRECT_OBJC_ISA_USAGE = YES_ERROR;
				CLANG_WARN_EMPTY_BODY = YES;
				CLANG_WARN_ENUM_CONVERSION = YES;
				CLANG_WARN_INT_CONVERSION = YES;
				CLANG_WARN_OBJC_ROOT_CLASS = YES_ERROR;
				CLANG_WARN_UNREACHABLE_CODE = YES;
				CLANG_WARN__DUPLICATE_METHOD_MATCH = YES;
				"CODE_SIGN_IDENTITY[sdk=iphoneos*]" = "iPhone Developer";
				COPY_PHASE_STRIP = YES;
				ENABLE_NS_ASSERTIONS = NO;
				ENABLE_STRICT_OBJC_MSGSEND = YES;
				GCC_C_LANGUAGE_STANDARD = gnu99;
				GCC_WARN_64_TO_32_BIT_CONVERSION = YES;
				GCC_WARN_ABOUT_RETURN_TYPE = YES_ERROR;
				GCC_WARN_UNDECLARED_SELECTOR = YES;
				GCC_WARN_UNINITIALIZED_AUTOS = YES_AGGRESSIVE;
				GCC_WARN_UNUSED_FUNCTION = YES;
				GCC_WARN_UNUSED_VARIABLE = YES;
				IPHONEOS_DEPLOYMENT_TARGET = 8.0;
				MTL_ENABLE_DEBUG_INFO = NO;
				SDKROOT = iphoneos;
				TARGETED_DEVICE_FAMILY = "1,2";
				VALIDATE_PRODUCT = YES;
			};
			name = Release;
		};
		3F7DCD191989CB6B00C01404 /* Debug */ = {
			isa = XCBuildConfiguration;
			buildSettings = {
				ASSETCATALOG_COMPILER_APPICON_NAME = AppIcon;
				ASSETCATALOG_COMPILER_LAUNCHIMAGE_NAME = LaunchImage;
				INFOPLIST_FILE = AccelerationTest/Info.plist;
				LD_RUNPATH_SEARCH_PATHS = "$(inherited) @executable_path/Frameworks";
				PRODUCT_NAME = "$(TARGET_NAME)";
			};
			name = Debug;
		};
		3F7DCD1A1989CB6B00C01404 /* Release */ = {
			isa = XCBuildConfiguration;
			buildSettings = {
				ASSETCATALOG_COMPILER_APPICON_NAME = AppIcon;
				ASSETCATALOG_COMPILER_LAUNCHIMAGE_NAME = LaunchImage;
				INFOPLIST_FILE = AccelerationTest/Info.plist;
				LD_RUNPATH_SEARCH_PATHS = "$(inherited) @executable_path/Frameworks";
				PRODUCT_NAME = "$(TARGET_NAME)";
			};
			name = Release;
		};
		3F7DCD1C1989CB6B00C01404 /* Debug */ = {
			isa = XCBuildConfiguration;
			buildSettings = {
				BUNDLE_LOADER = "$(BUILT_PRODUCTS_DIR)/AccelerationTest.app/AccelerationTest";
				FRAMEWORK_SEARCH_PATHS = (
					"$(SDKROOT)/Developer/Library/Frameworks",
					"$(inherited)",
				);
				GCC_PREPROCESSOR_DEFINITIONS = (
					"DEBUG=1",
					"$(inherited)",
				);
				INFOPLIST_FILE = AccelerationTestTests/Info.plist;
				LD_RUNPATH_SEARCH_PATHS = "$(inherited) @executable_path/Frameworks @loader_path/Frameworks";
				PRODUCT_NAME = "$(TARGET_NAME)";
				TEST_HOST = "$(BUNDLE_LOADER)";
			};
			name = Debug;
		};
		3F7DCD1D1989CB6B00C01404 /* Release */ = {
			isa = XCBuildConfiguration;
			buildSettings = {
				BUNDLE_LOADER = "$(BUILT_PRODUCTS_DIR)/AccelerationTest.app/AccelerationTest";
				FRAMEWORK_SEARCH_PATHS = (
					"$(SDKROOT)/Developer/Library/Frameworks",
					"$(inherited)",
				);
				INFOPLIST_FILE = AccelerationTestTests/Info.plist;
				LD_RUNPATH_SEARCH_PATHS = "$(inherited) @executable_path/Frameworks @loader_path/Frameworks";
				PRODUCT_NAME = "$(TARGET_NAME)";
				TEST_HOST = "$(BUNDLE_LOADER)";
			};
			name = Release;
		};
/* End XCBuildConfiguration section */

/* Begin XCConfigurationList section */
		3F7DCCEE1989CB6B00C01404 /* Build configuration list for PBXProject "AccelerationTest" */ = {
			isa = XCConfigurationList;
			buildConfigurations = (
				3F7DCD161989CB6B00C01404 /* Debug */,
				3F7DCD171989CB6B00C01404 /* Release */,
			);
			defaultConfigurationIsVisible = 0;
			defaultConfigurationName = Release;
		};
		3F7DCD181989CB6B00C01404 /* Build configuration list for PBXNativeTarget "AccelerationTest" */ = {
			isa = XCConfigurationList;
			buildConfigurations = (
				3F7DCD191989CB6B00C01404 /* Debug */,
				3F7DCD1A1989CB6B00C01404 /* Release */,
			);
			defaultConfigurationIsVisible = 0;
		};
		3F7DCD1B1989CB6B00C01404 /* Build configuration list for PBXNativeTarget "AccelerationTestTests" */ = {
			isa = XCConfigurationList;
			buildConfigurations = (
				3F7DCD1C1989CB6B00C01404 /* Debug */,
				3F7DCD1D1989CB6B00C01404 /* Release */,
			);
			defaultConfigurationIsVisible = 0;
		};
/* End XCConfigurationList section */
	};
	rootObject = 3F7DCCEB1989CB6B00C01404 /* Project object */;
}
